
Microsoft Visual Studio Solution File, Format Version 12.00
# Visual Studio 15
VisualStudioVersion = 15.0.27428.2027
MinimumVisualStudioVersion = 10.0.40219.1
Project("{FAE04EC0-301F-11D3-BF4B-00C04F79EFBC}") = "JsonRPC", "JsonRPC\JsonRPC.csproj", "{17823A77-C9CD-4BEF-9583-E02FAE06FF53}"
EndProject
Project("{9A19103F-16F7-4668-BE54-9A1E7A4F7556}") = "StreamJsonRpc", "..\vs-streamjsonrpc\src\StreamJsonRpc\StreamJsonRpc.csproj", "{1C82195A-AEE3-4C0C-8764-8D165052C5D3}"
EndProject
Project("{FAE04EC0-301F-11D3-BF4B-00C04F79EFBC}") = "JsonRPCShared", "JsonRPCShared\JsonRPCShared.csproj", "{53CD9E7C-EF29-4F66-9227-296353BE336A}"
EndProject
Global
	GlobalSection(SolutionConfigurationPlatforms) = preSolution
		Debug|Any CPU = Debug|Any CPU
		Release|Any CPU = Release|Any CPU
	EndGlobalSection
	GlobalSection(ProjectConfigurationPlatforms) = postSolution
		{17823A77-C9CD-4BEF-9583-E02FAE06FF53}.Debug|Any CPU.ActiveCfg = Debug|Any CPU
		{17823A77-C9CD-4BEF-9583-E02FAE06FF53}.Debug|Any CPU.Build.0 = Debug|Any CPU
		{17823A77-C9CD-4BEF-9583-E02FAE06FF53}.Release|Any CPU.ActiveCfg = Release|Any CPU
		{17823A77-C9CD-4BEF-9583-E02FAE06FF53}.Release|Any CPU.Build.0 = Release|Any CPU
		{1C82195A-AEE3-4C0C-8764-8D165052C5D3}.Debug|Any CPU.ActiveCfg = Debug|Any CPU
		{1C82195A-AEE3-4C0C-8764-8D165052C5D3}.Debug|Any CPU.Build.0 = Debug|Any CPU
		{1C82195A-AEE3-4C0C-8764-8D165052C5D3}.Release|Any CPU.ActiveCfg = Release|Any CPU
		{1C82195A-AEE3-4C0C-8764-8D165052C5D3}.Release|Any CPU.Build.0 = Release|Any CPU
		{53CD9E7C-EF29-4F66-9227-296353BE336A}.Debug|Any CPU.ActiveCfg = Debug|Any CPU
		{53CD9E7C-EF29-4F66-9227-296353BE336A}.Debug|Any CPU.Build.0 = Debug|Any CPU
		{53CD9E7C-EF29-4F66-9227-296353BE336A}.Release|Any CPU.ActiveCfg = Release|Any CPU
		{53CD9E7C-EF29-4F66-9227-296353BE336A}.Release|Any CPU.Build.0 = Release|Any CPU
	EndGlobalSection
	GlobalSection(SolutionProperties) = preSolution
		HideSolutionNode = FALSE
	EndGlobalSection
	GlobalSection(ExtensibilityGlobals) = postSolution
		SolutionGuid = {6C46D2B0-CF91-4005-A331-A35EAD3C0B1B}
	EndGlobalSection
EndGlobal
