
Microsoft Visual Studio Solution File, Format Version 12.00
# Visual Studio 15
VisualStudioVersion = 15.0.27428.2027
MinimumVisualStudioVersion = 10.0.40219.1
Project("{FAE04EC0-301F-11D3-BF4B-00C04F79EFBC}") = "JsonRPCClient", "JsonRPCClient\JsonRPCClient.csproj", "{850298F6-A975-4650-B6F1-A91017B20296}"
EndProject
Project("{9A19103F-16F7-4668-BE54-9A1E7A4F7556}") = "StreamJsonRpc", "..\..\vs-streamjsonrpc\src\StreamJsonRpc\StreamJsonRpc.csproj", "{6BF53BB1-0193-4C7C-979C-9DB534CD9A03}"
EndProject
Project("{FAE04EC0-301F-11D3-BF4B-00C04F79EFBC}") = "JsonRPCShared", "..\JsonRPCShared\JsonRPCShared.csproj", "{53CD9E7C-EF29-4F66-9227-296353BE336A}"
EndProject
Global
	GlobalSection(SolutionConfigurationPlatforms) = preSolution
		Debug|Any CPU = Debug|Any CPU
		Release|Any CPU = Release|Any CPU
	EndGlobalSection
	GlobalSection(ProjectConfigurationPlatforms) = postSolution
		{850298F6-A975-4650-B6F1-A91017B20296}.Debug|Any CPU.ActiveCfg = Debug|Any CPU
		{850298F6-A975-4650-B6F1-A91017B20296}.Debug|Any CPU.Build.0 = Debug|Any CPU
		{850298F6-A975-4650-B6F1-A91017B20296}.Release|Any CPU.ActiveCfg = Release|Any CPU
		{850298F6-A975-4650-B6F1-A91017B20296}.Release|Any CPU.Build.0 = Release|Any CPU
		{6BF53BB1-0193-4C7C-979C-9DB534CD9A03}.Debug|Any CPU.ActiveCfg = Debug|Any CPU
		{6BF53BB1-0193-4C7C-979C-9DB534CD9A03}.Debug|Any CPU.Build.0 = Debug|Any CPU
		{6BF53BB1-0193-4C7C-979C-9DB534CD9A03}.Release|Any CPU.ActiveCfg = Release|Any CPU
		{6BF53BB1-0193-4C7C-979C-9DB534CD9A03}.Release|Any CPU.Build.0 = Release|Any CPU
		{53CD9E7C-EF29-4F66-9227-296353BE336A}.Debug|Any CPU.ActiveCfg = Debug|Any CPU
		{53CD9E7C-EF29-4F66-9227-296353BE336A}.Debug|Any CPU.Build.0 = Debug|Any CPU
		{53CD9E7C-EF29-4F66-9227-296353BE336A}.Release|Any CPU.ActiveCfg = Release|Any CPU
		{53CD9E7C-EF29-4F66-9227-296353BE336A}.Release|Any CPU.Build.0 = Release|Any CPU
	EndGlobalSection
	GlobalSection(SolutionProperties) = preSolution
		HideSolutionNode = FALSE
	EndGlobalSection
	GlobalSection(ExtensibilityGlobals) = postSolution
		SolutionGuid = {06CB7EA2-E8D1-4027-B8FE-E1D8D9E66D37}
	EndGlobalSection
EndGlobal
